
Microsoft Visual Studio Solution File, Format Version 12.00
# Visual Studio Version 17
VisualStudioVersion = 17.9.34728.123
MinimumVisualStudioVersion = 10.0.40219.1
Project("{FAE04EC0-301F-11D3-BF4B-00C04F79EFBC}") = "WinForms", "WinForms.csproj", "{305315B4-8395-4341-A73C-F6D725EA9552}"
EndProject
Global
	GlobalSection(SolutionConfigurationPlatforms) = preSolution
		Debug|Any CPU = Debug|Any CPU
		Release|Any CPU = Release|Any CPU
	EndGlobalSection
	GlobalSection(ProjectConfigurationPlatforms) = postSolution
		{305315B4-8395-4341-A73C-F6D725EA9552}.Debug|Any CPU.ActiveCfg = Debug|Any CPU
		{305315B4-8395-4341-A73C-F6D725EA9552}.Debug|Any CPU.Build.0 = Debug|Any CPU
		{305315B4-8395-4341-A73C-F6D725EA9552}.Release|Any CPU.ActiveCfg = Release|Any CPU
		{305315B4-8395-4341-A73C-F6D725EA9552}.Release|Any CPU.Build.0 = Release|Any CPU
	EndGlobalSection
	GlobalSection(SolutionProperties) = preSolution
		HideSolutionNode = FALSE
	EndGlobalSection
	GlobalSection(ExtensibilityGlobals) = postSolution
		SolutionGuid = {83D3F03B-0BD9-4A89-9716-530C47B3BC4B}
	EndGlobalSection
EndGlobal
